
Microsoft Visual Studio Solution File, Format Version 12.00
# Visual Studio Version 16
VisualStudioVersion = 16.0.29911.84
MinimumVisualStudioVersion = 10.0.40219.1
Project("{FAE04EC0-301F-11D3-BF4B-00C04F79EFBC}") = "RC_01", "RC_01\RC_01.csproj", "{E4F32326-BC23-4C43-A68F-9849E8FEDC3F}"
EndProject
Global
	GlobalSection(SolutionConfigurationPlatforms) = preSolution
		Debug|Any CPU = Debug|Any CPU
		Release|Any CPU = Release|Any CPU
	EndGlobalSection
	GlobalSection(ProjectConfigurationPlatforms) = postSolution
		{E4F32326-BC23-4C43-A68F-9849E8FEDC3F}.Debug|Any CPU.ActiveCfg = Debug|Any CPU
		{E4F32326-BC23-4C43-A68F-9849E8FEDC3F}.Debug|Any CPU.Build.0 = Debug|Any CPU
		{E4F32326-BC23-4C43-A68F-9849E8FEDC3F}.Release|Any CPU.ActiveCfg = Release|Any CPU
		{E4F32326-BC23-4C43-A68F-9849E8FEDC3F}.Release|Any CPU.Build.0 = Release|Any CPU
	EndGlobalSection
	GlobalSection(SolutionProperties) = preSolution
		HideSolutionNode = FALSE
	EndGlobalSection
	GlobalSection(ExtensibilityGlobals) = postSolution
		SolutionGuid = {90F828BF-EA7A-4A70-B73B-E6EB9108EA3A}
	EndGlobalSection
EndGlobal
